# This file is automatically @generated by Cargo.
# It is not intended for manual editing.
version = 4

[[package]]
name = "deox-ast"
version = "0.1.0"
dependencies = [
 "deox-error",
 "thiserror",
]

[[package]]
name = "deox-cli"
version = "0.1.0"

[[package]]
name = "deox-codegen-rust"
version = "0.1.0"
dependencies = [
 "deox-ast",
 "deox-error",
 "thiserror",
]

[[package]]
name = "deox-codegen-wgsl"
version = "0.1.0"
dependencies = [
 "deox-error",
 "thiserror",
]

[[package]]
name = "deox-error"
version = "0.1.0"
dependencies = [
 "thiserror",
]

[[package]]
name = "deox-lexer"
version = "0.1.0"
dependencies = [
 "deox-error",
 "thiserror",
]

[[package]]
name = "deox-parser"
version = "0.1.0"
dependencies = [
 "deox-ast",
 "deox-error",
 "deox-lexer",
 "thiserror",
]

[[package]]
name = "deox-runtime"
version = "0.1.0"
dependencies = [
 "deox-error",
 "thiserror",
]

[[package]]
name = "deox-types"
version = "0.1.0"
dependencies = [
 "deox-error",
 "thiserror",
]

[[package]]
name = "proc-macro2"
version = "1.0.106"
source = "registry+https://github.com/rust-lang/crates.io-index"
checksum = "8fd00f0bb2e90d81d1044c2b32617f68fcb9fa3bb7640c23e9c748e53fb30934"
dependencies = [
 "unicode-ident",
]

[[package]]
name = "quote"
version = "1.0.46"
source = "registry+https://github.com/rust-lang/crates.io-index"
checksum = "dfbc457d0c7a0759a614551b11a6409e5951f6c7537be1f1b7682b9ae9230368"
dependencies = [
 "proc-macro2",
]

[[package]]
name = "syn"
version = "2.0.119"
source = "registry+https://github.com/rust-lang/crates.io-index"
checksum = "872831b642d1a07999a962a351ed35b955ea2cfc8f3862091e2a240a84f17297"
dependencies = [
 "proc-macro2",
 "quote",
 "unicode-ident",
]

[[package]]
name = "thiserror"
version = "1.0.69"
source = "registry+https://github.com/rust-lang/crates.io-index"
checksum = "b6aaf5339b578ea85b50e080feb250a3e8ae8cfcdff9a461c9ec2904bc923f52"
dependencies = [
 "thiserror-impl",
]

[[package]]
name = "thiserror-impl"
version = "1.0.69"
source = "registry+https://github.com/rust-lang/crates.io-index"
checksum = "4fee6c4efc90059e10f81e6d42c60a18f76588c3d74cb83a0b242a2b6c7504c1"
dependencies = [
 "proc-macro2",
 "quote",
 "syn",
]

[[package]]
name = "unicode-ident"
version = "1.0.24"
source = "registry+https://github.com/rust-lang/crates.io-index"
checksum = "e6e4313cd5fcd3dad5cafa179702e2b244f760991f45397d14d4ebf38247da75"
